
Microsoft Visual Studio Solution File, Format Version 12.00
# Visual Studio Version 17
VisualStudioVersion = 17.13.35825.156
MinimumVisualStudioVersion = 10.0.40219.1
Project("{FAE04EC0-301F-11D3-BF4B-00C04F79EFBC}") = "TN01-WFCadastroContato.", "TN01-WFCadastroContato\TN01-WFCadastroContato..csproj", "{7913F248-872A-489C-9EA9-3736DA7ED727}"
EndProject
Project("{FAE04EC0-301F-11D3-BF4B-00C04F79EFBC}") = "TN01-WFPROFESSOR", "TN01-WF PROFESSOR\TN01-WFPROFESSOR.csproj", "{B750F1CB-D7F3-4126-BB82-636B7CF481B3}"
EndProject
Project("{FAE04EC0-301F-11D3-BF4B-00C04F79EFBC}") = "WFAcesso", "WFAcesso\WFAcesso.csproj", "{426DB685-2FA7-4ACC-8EC5-FDDE0CEC9640}"
EndProject
Project("{FAE04EC0-301F-11D3-BF4B-00C04F79EFBC}") = "WFUsandoListagem", "WFUsandoListagem\WFUsandoListagem.csproj", "{DB413B80-C7D6-4828-A5E9-F1F422F0ABF7}"
EndProject
Global
	GlobalSection(SolutionConfigurationPlatforms) = preSolution
		Debug|Any CPU = Debug|Any CPU
		Release|Any CPU = Release|Any CPU
	EndGlobalSection
	GlobalSection(ProjectConfigurationPlatforms) = postSolution
		{7913F248-872A-489C-9EA9-3736DA7ED727}.Debug|Any CPU.ActiveCfg = Debug|Any CPU
		{7913F248-872A-489C-9EA9-3736DA7ED727}.Debug|Any CPU.Build.0 = Debug|Any CPU
		{7913F248-872A-489C-9EA9-3736DA7ED727}.Release|Any CPU.ActiveCfg = Release|Any CPU
		{7913F248-872A-489C-9EA9-3736DA7ED727}.Release|Any CPU.Build.0 = Release|Any CPU
		{B750F1CB-D7F3-4126-BB82-636B7CF481B3}.Debug|Any CPU.ActiveCfg = Debug|Any CPU
		{B750F1CB-D7F3-4126-BB82-636B7CF481B3}.Debug|Any CPU.Build.0 = Debug|Any CPU
		{B750F1CB-D7F3-4126-BB82-636B7CF481B3}.Release|Any CPU.ActiveCfg = Release|Any CPU
		{B750F1CB-D7F3-4126-BB82-636B7CF481B3}.Release|Any CPU.Build.0 = Release|Any CPU
		{426DB685-2FA7-4ACC-8EC5-FDDE0CEC9640}.Debug|Any CPU.ActiveCfg = Debug|Any CPU
		{426DB685-2FA7-4ACC-8EC5-FDDE0CEC9640}.Debug|Any CPU.Build.0 = Debug|Any CPU
		{426DB685-2FA7-4ACC-8EC5-FDDE0CEC9640}.Release|Any CPU.ActiveCfg = Release|Any CPU
		{426DB685-2FA7-4ACC-8EC5-FDDE0CEC9640}.Release|Any CPU.Build.0 = Release|Any CPU
		{DB413B80-C7D6-4828-A5E9-F1F422F0ABF7}.Debug|Any CPU.ActiveCfg = Debug|Any CPU
		{DB413B80-C7D6-4828-A5E9-F1F422F0ABF7}.Debug|Any CPU.Build.0 = Debug|Any CPU
		{DB413B80-C7D6-4828-A5E9-F1F422F0ABF7}.Release|Any CPU.ActiveCfg = Release|Any CPU
		{DB413B80-C7D6-4828-A5E9-F1F422F0ABF7}.Release|Any CPU.Build.0 = Release|Any CPU
	EndGlobalSection
	GlobalSection(SolutionProperties) = preSolution
		HideSolutionNode = FALSE
	EndGlobalSection
	GlobalSection(ExtensibilityGlobals) = postSolution
		SolutionGuid = {406FB2B3-C7C0-42FF-BA41-42D02EAFD01D}
	EndGlobalSection
EndGlobal
